<?xml version="1.0" encoding="utf-8"?>
<Project ToolsVersion="15.0" xmlns="http://schemas.microsoft.com/developer/msbuild/2003">
  <ItemGroup>
    <Filter Include="Resources">
      <UniqueIdentifier>accd3aa8-1ba0-4223-9bbe-0c431709210b</UniqueIdentifier>
      <Extensions>rc;ico;cur;bmp;dlg;rc2;rct;bin;rgs;gif;jpg;jpeg;jpe;resx;tga;tiff;tif;png;wav;mfcribbon-ms</Extensions>
    </Filter>
    <Filter Include="Generated Files">
      <UniqueIdentifier>{926ab91d-31b4-48c3-b9a4-e681349f27f0}</UniqueIdentifier>
    </Filter>
    <Filter Include="Header Files">
      <UniqueIdentifier>{2aa7f97c-6845-4052-abdb-3196390cf585}</UniqueIdentifier>
    </Filter>
    <Filter Include="Source Files">
      <UniqueIdentifier>{f7c4605b-2066-445b-a94f-9cea9e586b6c}</UniqueIdentifier>
    </Filter>
  </ItemGroup>
  <ItemGroup>
    <ClCompile Include="pch.cpp" />
    <ClCompile Include="Class.cpp" />
    <ClCompile Include="$(GeneratedFilesDir)module.g.cpp" />
    <ClCompile Include="vendor\owoTrackVR\basis.cpp">
      <Filter>Source Files</Filter>
    </ClCompile>
    <ClCompile Include="vendor\owoTrackVR\ByteBuffer.cpp">
      <Filter>Source Files</Filter>
    </ClCompile>
    <ClCompile Include="vendor\owoTrackVR\InfoServer.cpp">
      <Filter>Source Files</Filter>
    </ClCompile>
    <ClCompile Include="vendor\owoTrackVR\NetworkedDeviceQuatServer.cpp">
      <Filter>Source Files</Filter>
    </ClCompile>
    <ClCompile Include="vendor\owoTrackVR\PositionPredictor.cpp">
      <Filter>Source Files</Filter>
    </ClCompile>
    <ClCompile Include="vendor\owoTrackVR\quat.cpp">
      <Filter>Source Files</Filter>
    </ClCompile>
    <ClCompile Include="vendor\owoTrackVR\UDPDeviceQuatServer.cpp">
      <Filter>Source Files</Filter>
    </ClCompile>
    <ClCompile Include="vendor\owoTrackVR\vector3.cpp">
      <Filter>Source Files</Filter>
    </ClCompile>
  </ItemGroup>
  <ItemGroup>
    <ClInclude Include="pch.h" />
    <ClInclude Include="vendor\owoTrackVR\basis.h">
      <Filter>Header Files</Filter>
    </ClInclude>
    <ClInclude Include="vendor\owoTrackVR\ByteBuffer.h">
      <Filter>Header Files</Filter>
    </ClInclude>
    <ClInclude Include="vendor\owoTrackVR\DeviceQuatServer.h">
      <Filter>Header Files</Filter>
    </ClInclude>
    <ClInclude Include="vendor\owoTrackVR\InfoServer.h">
      <Filter>Header Files</Filter>
    </ClInclude>
    <ClInclude Include="vendor\owoTrackVR\Network.h">
      <Filter>Header Files</Filter>
    </ClInclude>
    <ClInclude Include="vendor\owoTrackVR\NetworkedDeviceQuatServer.h">
      <Filter>Header Files</Filter>
    </ClInclude>
    <ClInclude Include="vendor\owoTrackVR\PositionPredictor.h">
      <Filter>Header Files</Filter>
    </ClInclude>
    <ClInclude Include="vendor\owoTrackVR\quat.h">
      <Filter>Header Files</Filter>
    </ClInclude>
    <ClInclude Include="vendor\owoTrackVR\shared.h">
      <Filter>Header Files</Filter>
    </ClInclude>
    <ClInclude Include="vendor\owoTrackVR\UDPDeviceQuatServer.h">
      <Filter>Header Files</Filter>
    </ClInclude>
    <ClInclude Include="vendor\owoTrackVR\vector3.h">
      <Filter>Header Files</Filter>
    </ClInclude>
  </ItemGroup>
  <ItemGroup>
    <Midl Include="TrackingHandler.idl" />
  </ItemGroup>
  <ItemGroup>
    <None Include="DeviceHandler.def" />
    <None Include="packages.config" />
  </ItemGroup>
  <ItemGroup>
    <None Include="PropertySheet.props" />
  </ItemGroup>
  <ItemGroup>
    <Text Include="readme.txt" />
  </ItemGroup>
</Project>